
Microsoft Visual Studio Solution File, Format Version 12.00
# Visual Studio Version 16
VisualStudioVersion = 16.0.31321.278
MinimumVisualStudioVersion = 10.0.40219.1
Project("{FAE04EC0-301F-11D3-BF4B-00C04F79EFBC}") = "DevWeekly_StructureMapDeepDive", "DevWeekly_StructureMapDeepDive\DevWeekly_StructureMapDeepDive.csproj", "{23256636-ACAE-4C1F-9CED-73591119CAFD}"
EndProject
Global
	GlobalSection(SolutionConfigurationPlatforms) = preSolution
		Debug|Any CPU = Debug|Any CPU
		Release|Any CPU = Release|Any CPU
	EndGlobalSection
	GlobalSection(ProjectConfigurationPlatforms) = postSolution
		{23256636-ACAE-4C1F-9CED-73591119CAFD}.Debug|Any CPU.ActiveCfg = Debug|Any CPU
		{23256636-ACAE-4C1F-9CED-73591119CAFD}.Debug|Any CPU.Build.0 = Debug|Any CPU
		{23256636-ACAE-4C1F-9CED-73591119CAFD}.Release|Any CPU.ActiveCfg = Release|Any CPU
		{23256636-ACAE-4C1F-9CED-73591119CAFD}.Release|Any CPU.Build.0 = Release|Any CPU
	EndGlobalSection
	GlobalSection(SolutionProperties) = preSolution
		HideSolutionNode = FALSE
	EndGlobalSection
	GlobalSection(ExtensibilityGlobals) = postSolution
		SolutionGuid = {022EF97E-F177-42BC-BD3C-A7AE17EE0956}
	EndGlobalSection
EndGlobal
